// !$*UTF8*$!
{
	archiveVersion = 1;
	classes = {
	};
	objectVersion = 77;
	objects = {

/* Begin PBXBuildFile section */
		AD7E960E2FCE81F7009F57F6 /* FirebaseAnalytics in Frameworks */ = {isa = PBXBuildFile; productRef = AD7E960D2FCE81F7009F57F6 /* FirebaseAnalytics */; };
		AD7E96102FCE81F7009F57F6 /* FirebaseAuth in Frameworks */ = {isa = PBXBuildFile; productRef = AD7E960F2FCE81F7009F57F6 /* FirebaseAuth */; };
		AD7E96122FCE81F7009F57F6 /* FirebaseCore in Frameworks */ = {isa = PBXBuildFile; productRef = AD7E96112FCE81F7009F57F6 /* FirebaseCore */; };
		AD7E96142FCE81F7009F57F6 /* FirebaseCrashlytics in Frameworks */ = {isa = PBXBuildFile; productRef = AD7E96132FCE81F7009F57F6 /* FirebaseCrashlytics */; };
		AD7E96162FCE81F7009F57F6 /* FirebaseFirestore in Frameworks */ = {isa = PBXBuildFile; productRef = AD7E96152FCE81F7009F57F6 /* FirebaseFirestore */; };
		AD7E96182FCE81F7009F57F6 /* FirebaseFunctions in Frameworks */ = {isa = PBXBuildFile; productRef = AD7E96172FCE81F7009F57F6 /* FirebaseFunctions */; };
		AD7E961A2FCE81F7009F57F6 /* FirebaseMessaging in Frameworks */ = {isa = PBXBuildFile; productRef = AD7E96192FCE81F7009F57F6 /* FirebaseMessaging */; };
		AD7E961C2FCE81F7009F57F6 /* FirebaseStorage in Frameworks */ = {isa = PBXBuildFile; productRef = AD7E961B2FCE81F7009F57F6 /* FirebaseStorage */; };
		B1C2D3E42FCE90010023BF62 /* StudyHallMonitor.appex in Embed Foundation Extensions */ = {isa = PBXBuildFile; fileRef = B1C2D3E12FCE90010023BF62 /* StudyHallMonitor.appex */; settings = {ATTRIBUTES = (RemoveHeadersOnCopy, ); }; };
		C1C2D4012FCE90010023BF62 /* StudyHallShield.appex in Embed Foundation Extensions */ = {isa = PBXBuildFile; fileRef = C1C2D4002FCE90010023BF62 /* StudyHallShield.appex */; settings = {ATTRIBUTES = (RemoveHeadersOnCopy, ); }; };
		D1D2D5012FCE90010023BF62 /* StudyHallShieldUI.appex in Embed Foundation Extensions */ = {isa = PBXBuildFile; fileRef = D1D2D5002FCE90010023BF62 /* StudyHallShieldUI.appex */; settings = {ATTRIBUTES = (RemoveHeadersOnCopy, ); }; };
/* End PBXBuildFile section */

/* Begin PBXContainerItemProxy section */
		AA36A9CF2FCE14D50023BF62 /* PBXContainerItemProxy */ = {
			isa = PBXContainerItemProxy;
			containerPortal = AA36A9B92FCE14D10023BF62 /* Project object */;
			proxyType = 1;
			remoteGlobalIDString = AA36A9C02FCE14D10023BF62;
			remoteInfo = "Screen time demo";
		};
		AA36A9D92FCE14D50023BF62 /* PBXContainerItemProxy */ = {
			isa = PBXContainerItemProxy;
			containerPortal = AA36A9B92FCE14D10023BF62 /* Project object */;
			proxyType = 1;
			remoteGlobalIDString = AA36A9C02FCE14D10023BF62;
			remoteInfo = "Screen time demo";
		};
		B1C2D3E52FCE90010023BF62 /* PBXContainerItemProxy */ = {
			isa = PBXContainerItemProxy;
			containerPortal = AA36A9B92FCE14D10023BF62 /* Project object */;
			proxyType = 1;
			remoteGlobalIDString = B1C2D3E32FCE90010023BF62;
			remoteInfo = StudyHallMonitor;
		};
		C1C2D4032FCE90010023BF62 /* PBXContainerItemProxy */ = {
			isa = PBXContainerItemProxy;
			containerPortal = AA36A9B92FCE14D10023BF62 /* Project object */;
			proxyType = 1;
			remoteGlobalIDString = C1C2D4022FCE90010023BF62;
			remoteInfo = StudyHallShield;
		};
		D1D2D5032FCE90010023BF62 /* PBXContainerItemProxy */ = {
			isa = PBXContainerItemProxy;
			containerPortal = AA36A9B92FCE14D10023BF62 /* Project object */;
			proxyType = 1;
			remoteGlobalIDString = D1D2D5022FCE90010023BF62;
			remoteInfo = StudyHallShieldUI;
		};
/* End PBXContainerItemProxy section */

/* Begin PBXCopyFilesBuildPhase section */
		B1C2D3E72FCE90010023BF62 /* Embed Foundation Extensions */ = {
			isa = PBXCopyFilesBuildPhase;
			buildActionMask = 2147483647;
			dstPath = "";
			dstSubfolderSpec = 13;
			files = (
				B1C2D3E42FCE90010023BF62 /* StudyHallMonitor.appex in Embed Foundation Extensions */,
				C1C2D4012FCE90010023BF62 /* StudyHallShield.appex in Embed Foundation Extensions */,
				D1D2D5012FCE90010023BF62 /* StudyHallShieldUI.appex in Embed Foundation Extensions */,
			);
			name = "Embed Foundation Extensions";
			runOnlyForDeploymentPostprocessing = 0;
		};
/* End PBXCopyFilesBuildPhase section */

/* Begin PBXFileReference section */
		AA36A9C12FCE14D10023BF62 /* Screen time demo.app */ = {isa = PBXFileReference; explicitFileType = wrapper.application; includeInIndex = 0; path = "Screen time demo.app"; sourceTree = BUILT_PRODUCTS_DIR; };
		AA36A9CE2FCE14D50023BF62 /* Screen time demoTests.xctest */ = {isa = PBXFileReference; explicitFileType = wrapper.cfbundle; includeInIndex = 0; path = "Screen time demoTests.xctest"; sourceTree = BUILT_PRODUCTS_DIR; };
		AA36A9D82FCE14D50023BF62 /* Screen time demoUITests.xctest */ = {isa = PBXFileReference; explicitFileType = wrapper.cfbundle; includeInIndex = 0; path = "Screen time demoUITests.xctest"; sourceTree = BUILT_PRODUCTS_DIR; };
		B1C2D3E12FCE90010023BF62 /* StudyHallMonitor.appex */ = {isa = PBXFileReference; explicitFileType = "wrapper.app-extension"; includeInIndex = 0; path = StudyHallMonitor.appex; sourceTree = BUILT_PRODUCTS_DIR; };
		C1C2D4002FCE90010023BF62 /* StudyHallShield.appex */ = {isa = PBXFileReference; explicitFileType = "wrapper.app-extension"; includeInIndex = 0; path = StudyHallShield.appex; sourceTree = BUILT_PRODUCTS_DIR; };
		D1D2D5002FCE90010023BF62 /* StudyHallShieldUI.appex */ = {isa = PBXFileReference; explicitFileType = "wrapper.app-extension"; includeInIndex = 0; path = StudyHallShieldUI.appex; sourceTree = BUILT_PRODUCTS_DIR; };
/* End PBXFileReference section */

/* Begin PBXFileSystemSynchronizedBuildFileExceptionSet section */
		B1C2D3EF2FCE90010023BF62 /* Exceptions for "StudyHallMonitor" folder in "StudyHallMonitor" target */ = {
			isa = PBXFileSystemSynchronizedBuildFileExceptionSet;
			membershipExceptions = (
				Info.plist,
			);
			target = B1C2D3E32FCE90010023BF62 /* StudyHallMonitor */;
		};
		C1C2D4042FCE90010023BF62 /* Exceptions for "StudyHallShield" folder in "StudyHallShield" target */ = {
			isa = PBXFileSystemSynchronizedBuildFileExceptionSet;
			membershipExceptions = (
				Info.plist,
			);
			target = C1C2D4022FCE90010023BF62 /* StudyHallShield */;
		};
		D1D2D5042FCE90010023BF62 /* Exceptions for "StudyHallShieldUI" folder in "StudyHallShieldUI" target */ = {
			isa = PBXFileSystemSynchronizedBuildFileExceptionSet;
			membershipExceptions = (
				Info.plist,
			);
			target = D1D2D5022FCE90010023BF62 /* StudyHallShieldUI */;
		};
/* End PBXFileSystemSynchronizedBuildFileExceptionSet section */

/* Begin PBXFileSystemSynchronizedRootGroup section */
		AA36A9C32FCE14D10023BF62 /* Screen time demo */ = {
			isa = PBXFileSystemSynchronizedRootGroup;
			path = "Screen time demo";
			sourceTree = "<group>";
		};
		AA36A9D12FCE14D50023BF62 /* Screen time demoTests */ = {
			isa = PBXFileSystemSynchronizedRootGroup;
			path = "Screen time demoTests";
			sourceTree = "<group>";
		};
		AA36A9DB2FCE14D50023BF62 /* Screen time demoUITests */ = {
			isa = PBXFileSystemSynchronizedRootGroup;
			path = "Screen time demoUITests";
			sourceTree = "<group>";
		};
		B1C2D3E22FCE90010023BF62 /* StudyHallMonitor */ = {
			isa = PBXFileSystemSynchronizedRootGroup;
			exceptions = (
				B1C2D3EF2FCE90010023BF62 /* Exceptions for "StudyHallMonitor" folder in "StudyHallMonitor" target */,
			);
			path = StudyHallMonitor;
			sourceTree = "<group>";
		};
		C1C2D4052FCE90010023BF62 /* ExtensionSupport */ = {
			isa = PBXFileSystemSynchronizedRootGroup;
			path = ExtensionSupport;
			sourceTree = "<group>";
		};
		C1C2D4062FCE90010023BF62 /* StudyHallShield */ = {
			isa = PBXFileSystemSynchronizedRootGroup;
			exceptions = (
				C1C2D4042FCE90010023BF62 /* Exceptions for "StudyHallShield" folder in "StudyHallShield" target */,
			);
			path = StudyHallShield;
			sourceTree = "<group>";
		};
		D1D2D5052FCE90010023BF62 /* StudyHallShieldUI */ = {
			isa = PBXFileSystemSynchronizedRootGroup;
			exceptions = (
				D1D2D5042FCE90010023BF62 /* Exceptions for "StudyHallShieldUI" folder in "StudyHallShieldUI" target */,
			);
			path = StudyHallShieldUI;
			sourceTree = "<group>";
		};
/* End PBXFileSystemSynchronizedRootGroup section */

/* Begin PBXFrameworksBuildPhase section */
		AA36A9BE2FCE14D10023BF62 /* Frameworks */ = {
			isa = PBXFrameworksBuildPhase;
			buildActionMask = 2147483647;
			files = (
				AD7E960E2FCE81F7009F57F6 /* FirebaseAnalytics in Frameworks */,
				AD7E96142FCE81F7009F57F6 /* FirebaseCrashlytics in Frameworks */,
				AD7E961A2FCE81F7009F57F6 /* FirebaseMessaging in Frameworks */,
				AD7E96122FCE81F7009F57F6 /* FirebaseCore in Frameworks */,
				AD7E96182FCE81F7009F57F6 /* FirebaseFunctions in Frameworks */,
				AD7E961C2FCE81F7009F57F6 /* FirebaseStorage in Frameworks */,
				AD7E96162FCE81F7009F57F6 /* FirebaseFirestore in Frameworks */,
				AD7E96102FCE81F7009F57F6 /* FirebaseAuth in Frameworks */,
			);
			runOnlyForDeploymentPostprocessing = 0;
		};
		AA36A9CB2FCE14D50023BF62 /* Frameworks */ = {
			isa = PBXFrameworksBuildPhase;
			buildActionMask = 2147483647;
			files = (
			);
			runOnlyForDeploymentPostprocessing = 0;
		};
		AA36A9D52FCE14D50023BF62 /* Frameworks */ = {
			isa = PBXFrameworksBuildPhase;
			buildActionMask = 2147483647;
			files = (
			);
			runOnlyForDeploymentPostprocessing = 0;
		};
		B1C2D3E82FCE90010023BF62 /* Frameworks */ = {
			isa = PBXFrameworksBuildPhase;
			buildActionMask = 2147483647;
			files = (
			);
			runOnlyForDeploymentPostprocessing = 0;
		};
		C1C2D4092FCE90010023BF62 /* Frameworks */ = {
			isa = PBXFrameworksBuildPhase;
			buildActionMask = 2147483647;
			files = (
			);
			runOnlyForDeploymentPostprocessing = 0;
		};
		D1D2D5082FCE90010023BF62 /* Frameworks */ = {
			isa = PBXFrameworksBuildPhase;
			buildActionMask = 2147483647;
			files = (
			);
			runOnlyForDeploymentPostprocessing = 0;
		};
/* End PBXFrameworksBuildPhase section */

/* Begin PBXGroup section */
		AA36A9B82FCE14D10023BF62 = {
			isa = PBXGroup;
			children = (
				AA36A9C32FCE14D10023BF62 /* Screen time demo */,
				C1C2D4052FCE90010023BF62 /* ExtensionSupport */,
				B1C2D3E22FCE90010023BF62 /* StudyHallMonitor */,
				C1C2D4062FCE90010023BF62 /* StudyHallShield */,
				D1D2D5052FCE90010023BF62 /* StudyHallShieldUI */,
				AA36A9D12FCE14D50023BF62 /* Screen time demoTests */,
				AA36A9DB2FCE14D50023BF62 /* Screen time demoUITests */,
				AA36A9C22FCE14D10023BF62 /* Products */,
			);
			sourceTree = "<group>";
		};
		AA36A9C22FCE14D10023BF62 /* Products */ = {
			isa = PBXGroup;
			children = (
				AA36A9C12FCE14D10023BF62 /* Screen time demo.app */,
				B1C2D3E12FCE90010023BF62 /* StudyHallMonitor.appex */,
				C1C2D4002FCE90010023BF62 /* StudyHallShield.appex */,
				D1D2D5002FCE90010023BF62 /* StudyHallShieldUI.appex */,
				AA36A9CE2FCE14D50023BF62 /* Screen time demoTests.xctest */,
				AA36A9D82FCE14D50023BF62 /* Screen time demoUITests.xctest */,
			);
			name = Products;
			sourceTree = "<group>";
		};
/* End PBXGroup section */

/* Begin PBXNativeTarget section */
		AA36A9C02FCE14D10023BF62 /* Screen time demo */ = {
			isa = PBXNativeTarget;
			buildConfigurationList = AA36A9E22FCE14D50023BF62 /* Build configuration list for PBXNativeTarget "Screen time demo" */;
			buildPhases = (
				AA36A9BD2FCE14D10023BF62 /* Sources */,
				AA36A9BE2FCE14D10023BF62 /* Frameworks */,
				AA36A9BF2FCE14D10023BF62 /* Resources */,
				B1C2D3E72FCE90010023BF62 /* Embed Foundation Extensions */,
			);
			buildRules = (
			);
			dependencies = (
				B1C2D3E62FCE90010023BF62 /* PBXTargetDependency */,
				C1C2D4072FCE90010023BF62 /* PBXTargetDependency */,
				D1D2D5062FCE90010023BF62 /* PBXTargetDependency */,
			);
			fileSystemSynchronizedGroups = (
				AA36A9C32FCE14D10023BF62 /* Screen time demo */,
			);
			name = "Screen time demo";
			packageProductDependencies = (
				AD7E960D2FCE81F7009F57F6 /* FirebaseAnalytics */,
				AD7E960F2FCE81F7009F57F6 /* FirebaseAuth */,
				AD7E96112FCE81F7009F57F6 /* FirebaseCore */,
				AD7E96132FCE81F7009F57F6 /* FirebaseCrashlytics */,
				AD7E96152FCE81F7009F57F6 /* FirebaseFirestore */,
				AD7E96172FCE81F7009F57F6 /* FirebaseFunctions */,
				AD7E96192FCE81F7009F57F6 /* FirebaseMessaging */,
				AD7E961B2FCE81F7009F57F6 /* FirebaseStorage */,
			);
			productName = "Screen time demo";
			productReference = AA36A9C12FCE14D10023BF62 /* Screen time demo.app */;
			productType = "com.apple.product-type.application";
		};
		AA36A9CD2FCE14D50023BF62 /* Screen time demoTests */ = {
			isa = PBXNativeTarget;
			buildConfigurationList = AA36A9E52FCE14D50023BF62 /* Build configuration list for PBXNativeTarget "Screen time demoTests" */;
			buildPhases = (
				AA36A9CA2FCE14D50023BF62 /* Sources */,
				AA36A9CB2FCE14D50023BF62 /* Frameworks */,
				AA36A9CC2FCE14D50023BF62 /* Resources */,
			);
			buildRules = (
			);
			dependencies = (
				AA36A9D02FCE14D50023BF62 /* PBXTargetDependency */,
			);
			fileSystemSynchronizedGroups = (
				AA36A9D12FCE14D50023BF62 /* Screen time demoTests */,
			);
			name = "Screen time demoTests";
			packageProductDependencies = (
			);
			productName = "Screen time demoTests";
			productReference = AA36A9CE2FCE14D50023BF62 /* Screen time demoTests.xctest */;
			productType = "com.apple.product-type.bundle.unit-test";
		};
		AA36A9D72FCE14D50023BF62 /* Screen time demoUITests */ = {
			isa = PBXNativeTarget;
			buildConfigurationList = AA36A9E82FCE14D50023BF62 /* Build configuration list for PBXNativeTarget "Screen time demoUITests" */;
			buildPhases = (
				AA36A9D42FCE14D50023BF62 /* Sources */,
				AA36A9D52FCE14D50023BF62 /* Frameworks */,
				AA36A9D62FCE14D50023BF62 /* Resources */,
			);
			buildRules = (
			);
			dependencies = (
				AA36A9DA2FCE14D50023BF62 /* PBXTargetDependency */,
			);
			fileSystemSynchronizedGroups = (
				AA36A9DB2FCE14D50023BF62 /* Screen time demoUITests */,
			);
			name = "Screen time demoUITests";
			packageProductDependencies = (
			);
			productName = "Screen time demoUITests";
			productReference = AA36A9D82FCE14D50023BF62 /* Screen time demoUITests.xctest */;
			productType = "com.apple.product-type.bundle.ui-testing";
		};
		B1C2D3E32FCE90010023BF62 /* StudyHallMonitor */ = {
			isa = PBXNativeTarget;
			buildConfigurationList = B1C2D3ED2FCE90010023BF62 /* Build configuration list for PBXNativeTarget "StudyHallMonitor" */;
			buildPhases = (
				B1C2D3EA2FCE90010023BF62 /* Sources */,
				B1C2D3E82FCE90010023BF62 /* Frameworks */,
				B1C2D3E92FCE90010023BF62 /* Resources */,
			);
			buildRules = (
			);
			dependencies = (
			);
			fileSystemSynchronizedGroups = (
				B1C2D3E22FCE90010023BF62 /* StudyHallMonitor */,
				C1C2D4052FCE90010023BF62 /* ExtensionSupport */,
			);
			name = StudyHallMonitor;
			packageProductDependencies = (
			);
			productName = StudyHallMonitor;
			productReference = B1C2D3E12FCE90010023BF62 /* StudyHallMonitor.appex */;
			productType = "com.apple.product-type.app-extension";
		};
		C1C2D4022FCE90010023BF62 /* StudyHallShield */ = {
			isa = PBXNativeTarget;
			buildConfigurationList = C1C2D40A2FCE90010023BF62 /* Build configuration list for PBXNativeTarget "StudyHallShield" */;
			buildPhases = (
				C1C2D4082FCE90010023BF62 /* Sources */,
				C1C2D4092FCE90010023BF62 /* Frameworks */,
				C1C2D40B2FCE90010023BF62 /* Resources */,
			);
			buildRules = (
			);
			dependencies = (
			);
			fileSystemSynchronizedGroups = (
				C1C2D4052FCE90010023BF62 /* ExtensionSupport */,
				C1C2D4062FCE90010023BF62 /* StudyHallShield */,
			);
			name = StudyHallShield;
			packageProductDependencies = (
			);
			productName = StudyHallShield;
			productReference = C1C2D4002FCE90010023BF62 /* StudyHallShield.appex */;
			productType = "com.apple.product-type.app-extension";
		};
		D1D2D5022FCE90010023BF62 /* StudyHallShieldUI */ = {
			isa = PBXNativeTarget;
			buildConfigurationList = D1D2D50C2FCE90010023BF62 /* Build configuration list for PBXNativeTarget "StudyHallShieldUI" */;
			buildPhases = (
				D1D2D5072FCE90010023BF62 /* Sources */,
				D1D2D5082FCE90010023BF62 /* Frameworks */,
				D1D2D5092FCE90010023BF62 /* Resources */,
			);
			buildRules = (
			);
			dependencies = (
			);
			fileSystemSynchronizedGroups = (
				D1D2D5052FCE90010023BF62 /* StudyHallShieldUI */,
			);
			name = StudyHallShieldUI;
			packageProductDependencies = (
			);
			productName = StudyHallShieldUI;
			productReference = D1D2D5002FCE90010023BF62 /* StudyHallShieldUI.appex */;
			productType = "com.apple.product-type.app-extension";
		};
/* End PBXNativeTarget section */

/* Begin PBXProject section */
		AA36A9B92FCE14D10023BF62 /* Project object */ = {
			isa = PBXProject;
			attributes = {
				BuildIndependentTargetsInParallel = 1;
				LastSwiftUpdateCheck = 2650;
				LastUpgradeCheck = 2650;
				TargetAttributes = {
					AA36A9C02FCE14D10023BF62 = {
						CreatedOnToolsVersion = 26.5;
					};
					AA36A9CD2FCE14D50023BF62 = {
						CreatedOnToolsVersion = 26.5;
						TestTargetID = AA36A9C02FCE14D10023BF62;
					};
					AA36A9D72FCE14D50023BF62 = {
						CreatedOnToolsVersion = 26.5;
						TestTargetID = AA36A9C02FCE14D10023BF62;
					};
					B1C2D3E32FCE90010023BF62 = {
						CreatedOnToolsVersion = 26.5;
					};
					C1C2D4022FCE90010023BF62 = {
						CreatedOnToolsVersion = 26.5;
					};
					D1D2D5022FCE90010023BF62 = {
						CreatedOnToolsVersion = 26.5;
					};
				};
			};
			buildConfigurationList = AA36A9BC2FCE14D10023BF62 /* Build configuration list for PBXProject "Screen time demo" */;
			developmentRegion = en;
			hasScannedForEncodings = 0;
			knownRegions = (
				en,
				Base,
			);
			mainGroup = AA36A9B82FCE14D10023BF62;
			minimizedProjectReferenceProxies = 1;
			packageReferences = (
				AD7E960C2FCE81F7009F57F6 /* XCRemoteSwiftPackageReference "firebase-ios-sdk" */,
			);
			preferredProjectObjectVersion = 77;
			productRefGroup = AA36A9C22FCE14D10023BF62 /* Products */;
			projectDirPath = "";
			projectRoot = "";
			targets = (
				AA36A9C02FCE14D10023BF62 /* Screen time demo */,
				B1C2D3E32FCE90010023BF62 /* StudyHallMonitor */,
				C1C2D4022FCE90010023BF62 /* StudyHallShield */,
				D1D2D5022FCE90010023BF62 /* StudyHallShieldUI */,
				AA36A9CD2FCE14D50023BF62 /* Screen time demoTests */,
				AA36A9D72FCE14D50023BF62 /* Screen time demoUITests */,
			);
		};
/* End PBXProject section */

/* Begin PBXResourcesBuildPhase section */
		AA36A9BF2FCE14D10023BF62 /* Resources */ = {
			isa = PBXResourcesBuildPhase;
			buildActionMask = 2147483647;
			files = (
			);
			runOnlyForDeploymentPostprocessing = 0;
		};
		AA36A9CC2FCE14D50023BF62 /* Resources */ = {
			isa = PBXResourcesBuildPhase;
			buildActionMask = 2147483647;
			files = (
			);
			runOnlyForDeploymentPostprocessing = 0;
		};
		AA36A9D62FCE14D50023BF62 /* Resources */ = {
			isa = PBXResourcesBuildPhase;
			buildActionMask = 2147483647;
			files = (
			);
			runOnlyForDeploymentPostprocessing = 0;
		};
		B1C2D3E92FCE90010023BF62 /* Resources */ = {
			isa = PBXResourcesBuildPhase;
			buildActionMask = 2147483647;
			files = (
			);
			runOnlyForDeploymentPostprocessing = 0;
		};
		C1C2D40B2FCE90010023BF62 /* Resources */ = {
			isa = PBXResourcesBuildPhase;
			buildActionMask = 2147483647;
			files = (
			);
			runOnlyForDeploymentPostprocessing = 0;
		};
		D1D2D5092FCE90010023BF62 /* Resources */ = {
			isa = PBXResourcesBuildPhase;
			buildActionMask = 2147483647;
			files = (
			);
			runOnlyForDeploymentPostprocessing = 0;
		};
/* End PBXResourcesBuildPhase section */

/* Begin PBXSourcesBuildPhase section */
		AA36A9BD2FCE14D10023BF62 /* Sources */ = {
			isa = PBXSourcesBuildPhase;
			buildActionMask = 2147483647;
			files = (
			);
			runOnlyForDeploymentPostprocessing = 0;
		};
		AA36A9CA2FCE14D50023BF62 /* Sources */ = {
			isa = PBXSourcesBuildPhase;
			buildActionMask = 2147483647;
			files = (
			);
			runOnlyForDeploymentPostprocessing = 0;
		};
		AA36A9D42FCE14D50023BF62 /* Sources */ = {
			isa = PBXSourcesBuildPhase;
			buildActionMask = 2147483647;
			files = (
			);
			runOnlyForDeploymentPostprocessing = 0;
		};
		B1C2D3EA2FCE90010023BF62 /* Sources */ = {
			isa = PBXSourcesBuildPhase;
			buildActionMask = 2147483647;
			files = (
			);
			runOnlyForDeploymentPostprocessing = 0;
		};
		C1C2D4082FCE90010023BF62 /* Sources */ = {
			isa = PBXSourcesBuildPhase;
			buildActionMask = 2147483647;
			files = (
			);
			runOnlyForDeploymentPostprocessing = 0;
		};
		D1D2D5072FCE90010023BF62 /* Sources */ = {
			isa = PBXSourcesBuildPhase;
			buildActionMask = 2147483647;
			files = (
			);
			runOnlyForDeploymentPostprocessing = 0;
		};
/* End PBXSourcesBuildPhase section */

/* Begin PBXTargetDependency section */
		AA36A9D02FCE14D50023BF62 /* PBXTargetDependency */ = {
			isa = PBXTargetDependency;
			target = AA36A9C02FCE14D10023BF62 /* Screen time demo */;
			targetProxy = AA36A9CF2FCE14D50023BF62 /* PBXContainerItemProxy */;
		};
		AA36A9DA2FCE14D50023BF62 /* PBXTargetDependency */ = {
			isa = PBXTargetDependency;
			target = AA36A9C02FCE14D10023BF62 /* Screen time demo */;
			targetProxy = AA36A9D92FCE14D50023BF62 /* PBXContainerItemProxy */;
		};
		B1C2D3E62FCE90010023BF62 /* PBXTargetDependency */ = {
			isa = PBXTargetDependency;
			target = B1C2D3E32FCE90010023BF62 /* StudyHallMonitor */;
			targetProxy = B1C2D3E52FCE90010023BF62 /* PBXContainerItemProxy */;
		};
		C1C2D4072FCE90010023BF62 /* PBXTargetDependency */ = {
			isa = PBXTargetDependency;
			target = C1C2D4022FCE90010023BF62 /* StudyHallShield */;
			targetProxy = C1C2D4032FCE90010023BF62 /* PBXContainerItemProxy */;
		};
		D1D2D5062FCE90010023BF62 /* PBXTargetDependency */ = {
			isa = PBXTargetDependency;
			target = D1D2D5022FCE90010023BF62 /* StudyHallShieldUI */;
			targetProxy = D1D2D5032FCE90010023BF62 /* PBXContainerItemProxy */;
		};
/* End PBXTargetDependency section */

/* Begin XCBuildConfiguration section */
		AA36A9E02FCE14D50023BF62 /* Debug */ = {
			isa = XCBuildConfiguration;
			buildSettings = {
				ALWAYS_SEARCH_USER_PATHS = NO;
				ASSETCATALOG_COMPILER_GENERATE_SWIFT_ASSET_SYMBOL_EXTENSIONS = YES;
				CLANG_ANALYZER_NONNULL = YES;
				CLANG_ANALYZER_NUMBER_OBJECT_CONVERSION = YES_AGGRESSIVE;
				CLANG_CXX_LANGUAGE_STANDARD = "gnu++20";
				CLANG_ENABLE_MODULES = YES;
				CLANG_ENABLE_OBJC_ARC = YES;
				CLANG_ENABLE_OBJC_WEAK = YES;
				CLANG_WARN_BLOCK_CAPTURE_AUTORELEASING = YES;
				CLANG_WARN_BOOL_CONVERSION = YES;
				CLANG_WARN_COMMA = YES;
				CLANG_WARN_CONSTANT_CONVERSION = YES;
				CLANG_WARN_DEPRECATED_OBJC_IMPLEMENTATIONS = YES;
				CLANG_WARN_DIRECT_OBJC_ISA_USAGE = YES_ERROR;
				CLANG_WARN_DOCUMENTATION_COMMENTS = YES;
				CLANG_WARN_EMPTY_BODY = YES;
				CLANG_WARN_ENUM_CONVERSION = YES;
				CLANG_WARN_INFINITE_RECURSION = YES;
				CLANG_WARN_INT_CONVERSION = YES;
				CLANG_WARN_NON_LITERAL_NULL_CONVERSION = YES;
				CLANG_WARN_OBJC_IMPLICIT_RETAIN_SELF = YES;
				CLANG_WARN_OBJC_LITERAL_CONVERSION = YES;
				CLANG_WARN_OBJC_ROOT_CLASS = YES_ERROR;
				CLANG_WARN_QUOTED_INCLUDE_IN_FRAMEWORK_HEADER = YES;
				CLANG_WARN_RANGE_LOOP_ANALYSIS = YES;
				CLANG_WARN_STRICT_PROTOTYPES = YES;
				CLANG_WARN_SUSPICIOUS_MOVE = YES;
				CLANG_WARN_UNGUARDED_AVAILABILITY = YES_AGGRESSIVE;
				CLANG_WARN_UNREACHABLE_CODE = YES;
				CLANG_WARN__DUPLICATE_METHOD_MATCH = YES;
				COPY_PHASE_STRIP = NO;
				DEBUG_INFORMATION_FORMAT = dwarf;
				ENABLE_STRICT_OBJC_MSGSEND = YES;
				ENABLE_TESTABILITY = YES;
				ENABLE_USER_SCRIPT_SANDBOXING = YES;
				GCC_C_LANGUAGE_STANDARD = gnu17;
				GCC_DYNAMIC_NO_PIC = NO;
				GCC_NO_COMMON_BLOCKS = YES;
				GCC_OPTIMIZATION_LEVEL = 0;
				GCC_PREPROCESSOR_DEFINITIONS = (
					"DEBUG=1",
					"$(inherited)",
				);
				GCC_WARN_64_TO_32_BIT_CONVERSION = YES;
				GCC_WARN_ABOUT_RETURN_TYPE = YES_ERROR;
				GCC_WARN_UNDECLARED_SELECTOR = YES;
				GCC_WARN_UNINITIALIZED_AUTOS = YES_AGGRESSIVE;
				GCC_WARN_UNUSED_FUNCTION = YES;
				GCC_WARN_UNUSED_VARIABLE = YES;
				LOCALIZATION_PREFERS_STRING_CATALOGS = YES;
				MTL_ENABLE_DEBUG_INFO = INCLUDE_SOURCE;
				MTL_FAST_MATH = YES;
				ONLY_ACTIVE_ARCH = YES;
				SWIFT_ACTIVE_COMPILATION_CONDITIONS = "DEBUG $(inherited)";
				SWIFT_OPTIMIZATION_LEVEL = "-Onone";
			};
			name = Debug;
		};
		AA36A9E12FCE14D50023BF62 /* Release */ = {
			isa = XCBuildConfiguration;
			buildSettings = {
				ALWAYS_SEARCH_USER_PATHS = NO;
				ASSETCATALOG_COMPILER_GENERATE_SWIFT_ASSET_SYMBOL_EXTENSIONS = YES;
				CLANG_ANALYZER_NONNULL = YES;
				CLANG_ANALYZER_NUMBER_OBJECT_CONVERSION = YES_AGGRESSIVE;
				CLANG_CXX_LANGUAGE_STANDARD = "gnu++20";
				CLANG_ENABLE_MODULES = YES;
				CLANG_ENABLE_OBJC_ARC = YES;
				CLANG_ENABLE_OBJC_WEAK = YES;
				CLANG_WARN_BLOCK_CAPTURE_AUTORELEASING = YES;
				CLANG_WARN_BOOL_CONVERSION = YES;
				CLANG_WARN_COMMA = YES;
				CLANG_WARN_CONSTANT_CONVERSION = YES;
				CLANG_WARN_DEPRECATED_OBJC_IMPLEMENTATIONS = YES;
				CLANG_WARN_DIRECT_OBJC_ISA_USAGE = YES_ERROR;
				CLANG_WARN_DOCUMENTATION_COMMENTS = YES;
				CLANG_WARN_EMPTY_BODY = YES;
				CLANG_WARN_ENUM_CONVERSION = YES;
				CLANG_WARN_INFINITE_RECURSION = YES;
				CLANG_WARN_INT_CONVERSION = YES;
				CLANG_WARN_NON_LITERAL_NULL_CONVERSION = YES;
				CLANG_WARN_OBJC_IMPLICIT_RETAIN_SELF = YES;
				CLANG_WARN_OBJC_LITERAL_CONVERSION = YES;
				CLANG_WARN_OBJC_ROOT_CLASS = YES_ERROR;
				CLANG_WARN_QUOTED_INCLUDE_IN_FRAMEWORK_HEADER = YES;
				CLANG_WARN_RANGE_LOOP_ANALYSIS = YES;
				CLANG_WARN_STRICT_PROTOTYPES = YES;
				CLANG_WARN_SUSPICIOUS_MOVE = YES;
				CLANG_WARN_UNGUARDED_AVAILABILITY = YES_AGGRESSIVE;
				CLANG_WARN_UNREACHABLE_CODE = YES;
				CLANG_WARN__DUPLICATE_METHOD_MATCH = YES;
				COPY_PHASE_STRIP = NO;
				DEBUG_INFORMATION_FORMAT = "dwarf-with-dsym";
				ENABLE_NS_ASSERTIONS = NO;
				ENABLE_STRICT_OBJC_MSGSEND = YES;
				ENABLE_USER_SCRIPT_SANDBOXING = YES;
				GCC_C_LANGUAGE_STANDARD = gnu17;
				GCC_NO_COMMON_BLOCKS = YES;
				GCC_WARN_64_TO_32_BIT_CONVERSION = YES;
				GCC_WARN_ABOUT_RETURN_TYPE = YES_ERROR;
				GCC_WARN_UNDECLARED_SELECTOR = YES;
				GCC_WARN_UNINITIALIZED_AUTOS = YES_AGGRESSIVE;
				GCC_WARN_UNUSED_FUNCTION = YES;
				GCC_WARN_UNUSED_VARIABLE = YES;
				LOCALIZATION_PREFERS_STRING_CATALOGS = YES;
				MTL_ENABLE_DEBUG_INFO = NO;
				MTL_FAST_MATH = YES;
				SWIFT_COMPILATION_MODE = wholemodule;
			};
			name = Release;
		};
		AA36A9E32FCE14D50023BF62 /* Debug */ = {
			isa = XCBuildConfiguration;
			buildSettings = {
				ASSETCATALOG_COMPILER_APPICON_NAME = AppIcon;
				ASSETCATALOG_COMPILER_GLOBAL_ACCENT_COLOR_NAME = AccentColor;
				CODE_SIGN_ENTITLEMENTS = "Screen time demo/Screen time demo.entitlements";
				CODE_SIGN_IDENTITY = "Apple Development";
				CODE_SIGN_STYLE = Automatic;
				CURRENT_PROJECT_VERSION = 1;
				DEVELOPMENT_TEAM = 8X75449HTD;
				ENABLE_APP_SANDBOX = YES;
				ENABLE_PREVIEWS = YES;
				ENABLE_USER_SELECTED_FILES = readonly;
				GENERATE_INFOPLIST_FILE = YES;
				"INFOPLIST_KEY_UIApplicationSceneManifest_Generation[sdk=iphoneos*]" = YES;
				"INFOPLIST_KEY_UIApplicationSceneManifest_Generation[sdk=iphonesimulator*]" = YES;
				"INFOPLIST_KEY_UIApplicationSupportsIndirectInputEvents[sdk=iphoneos*]" = YES;
				"INFOPLIST_KEY_UIApplicationSupportsIndirectInputEvents[sdk=iphonesimulator*]" = YES;
				INFOPLIST_KEY_UIBackgroundModes = "remote-notification";
				"INFOPLIST_KEY_UILaunchScreen_Generation[sdk=iphoneos*]" = YES;
				"INFOPLIST_KEY_UILaunchScreen_Generation[sdk=iphonesimulator*]" = YES;
				"INFOPLIST_KEY_UIStatusBarStyle[sdk=iphoneos*]" = UIStatusBarStyleDefault;
				"INFOPLIST_KEY_UIStatusBarStyle[sdk=iphonesimulator*]" = UIStatusBarStyleDefault;
				INFOPLIST_KEY_UISupportedInterfaceOrientations_iPad = "UIInterfaceOrientationPortrait UIInterfaceOrientationPortraitUpsideDown UIInterfaceOrientationLandscapeLeft UIInterfaceOrientationLandscapeRight";
				INFOPLIST_KEY_UISupportedInterfaceOrientations_iPhone = "UIInterfaceOrientationPortrait UIInterfaceOrientationLandscapeLeft UIInterfaceOrientationLandscapeRight";
				IPHONEOS_DEPLOYMENT_TARGET = 26.5;
				LD_RUNPATH_SEARCH_PATHS = "@executable_path/Frameworks";
				"LD_RUNPATH_SEARCH_PATHS[sdk=macosx*]" = "@executable_path/../Frameworks";
				MACOSX_DEPLOYMENT_TARGET = 26.5;
				MARKETING_VERSION = 1.0;
				PRODUCT_BUNDLE_IDENTIFIER = com.davechengapps.screentimedemo;
				PRODUCT_NAME = "$(TARGET_NAME)";
				PROVISIONING_PROFILE_SPECIFIER = "";
				REGISTER_APP_GROUPS = YES;
				SDKROOT = auto;
				STRING_CATALOG_GENERATE_SYMBOLS = YES;
				SUPPORTED_PLATFORMS = "iphoneos iphonesimulator";
				SUPPORTS_MACCATALYST = NO;
				SWIFT_APPROACHABLE_CONCURRENCY = YES;
				SWIFT_DEFAULT_ACTOR_ISOLATION = MainActor;
				SWIFT_EMIT_LOC_STRINGS = YES;
				SWIFT_UPCOMING_FEATURE_MEMBER_IMPORT_VISIBILITY = YES;
				SWIFT_VERSION = 5.0;
				TARGETED_DEVICE_FAMILY = "1,2";
				XROS_DEPLOYMENT_TARGET = 26.5;
			};
			name = Debug;
		};
		AA36A9E42FCE14D50023BF62 /* Release */ = {
			isa = XCBuildConfiguration;
			buildSettings = {
				ASSETCATALOG_COMPILER_APPICON_NAME = AppIcon;
				ASSETCATALOG_COMPILER_GLOBAL_ACCENT_COLOR_NAME = AccentColor;
				CODE_SIGN_ENTITLEMENTS = "Screen time demo/Screen time demo.entitlements";
				"CODE_SIGN_IDENTITY[sdk=macosx*]" = "Apple Development";
				CODE_SIGN_STYLE = Automatic;
				CURRENT_PROJECT_VERSION = 1;
				DEVELOPMENT_TEAM = 8X75449HTD;
				ENABLE_APP_SANDBOX = YES;
				ENABLE_PREVIEWS = YES;
				ENABLE_USER_SELECTED_FILES = readonly;
				GENERATE_INFOPLIST_FILE = YES;
				"INFOPLIST_KEY_UIApplicationSceneManifest_Generation[sdk=iphoneos*]" = YES;
				"INFOPLIST_KEY_UIApplicationSceneManifest_Generation[sdk=iphonesimulator*]" = YES;
				"INFOPLIST_KEY_UIApplicationSupportsIndirectInputEvents[sdk=iphoneos*]" = YES;
				"INFOPLIST_KEY_UIApplicationSupportsIndirectInputEvents[sdk=iphonesimulator*]" = YES;
				INFOPLIST_KEY_UIBackgroundModes = "remote-notification";
				"INFOPLIST_KEY_UILaunchScreen_Generation[sdk=iphoneos*]" = YES;
				"INFOPLIST_KEY_UILaunchScreen_Generation[sdk=iphonesimulator*]" = YES;
				"INFOPLIST_KEY_UIStatusBarStyle[sdk=iphoneos*]" = UIStatusBarStyleDefault;
				"INFOPLIST_KEY_UIStatusBarStyle[sdk=iphonesimulator*]" = UIStatusBarStyleDefault;
				INFOPLIST_KEY_UISupportedInterfaceOrientations_iPad = "UIInterfaceOrientationPortrait UIInterfaceOrientationPortraitUpsideDown UIInterfaceOrientationLandscapeLeft UIInterfaceOrientationLandscapeRight";
				INFOPLIST_KEY_UISupportedInterfaceOrientations_iPhone = "UIInterfaceOrientationPortrait UIInterfaceOrientationLandscapeLeft UIInterfaceOrientationLandscapeRight";
				IPHONEOS_DEPLOYMENT_TARGET = 26.5;
				LD_RUNPATH_SEARCH_PATHS = "@executable_path/Frameworks";
				"LD_RUNPATH_SEARCH_PATHS[sdk=macosx*]" = "@executable_path/../Frameworks";
				MACOSX_DEPLOYMENT_TARGET = 26.5;
				MARKETING_VERSION = 1.0;
				PRODUCT_BUNDLE_IDENTIFIER = com.davechengapps.screentimedemo;
				PRODUCT_NAME = "$(TARGET_NAME)";
				REGISTER_APP_GROUPS = YES;
				SDKROOT = auto;
				STRING_CATALOG_GENERATE_SYMBOLS = YES;
				SUPPORTED_PLATFORMS = "iphoneos iphonesimulator";
				SUPPORTS_MACCATALYST = NO;
				SWIFT_APPROACHABLE_CONCURRENCY = YES;
				SWIFT_DEFAULT_ACTOR_ISOLATION = MainActor;
				SWIFT_EMIT_LOC_STRINGS = YES;
				SWIFT_UPCOMING_FEATURE_MEMBER_IMPORT_VISIBILITY = YES;
				SWIFT_VERSION = 5.0;
				TARGETED_DEVICE_FAMILY = "1,2";
				XROS_DEPLOYMENT_TARGET = 26.5;
			};
			name = Release;
		};
		AA36A9E62FCE14D50023BF62 /* Debug */ = {
			isa = XCBuildConfiguration;
			buildSettings = {
				BUNDLE_LOADER = "$(TEST_HOST)";
				CODE_SIGN_STYLE = Automatic;
				CURRENT_PROJECT_VERSION = 1;
				GENERATE_INFOPLIST_FILE = YES;
				IPHONEOS_DEPLOYMENT_TARGET = 26.5;
				MACOSX_DEPLOYMENT_TARGET = 26.5;
				MARKETING_VERSION = 1.0;
				PRODUCT_BUNDLE_IDENTIFIER = "ethan.Screen-time-demoTests";
				PRODUCT_NAME = "$(TARGET_NAME)";
				SDKROOT = auto;
				STRING_CATALOG_GENERATE_SYMBOLS = NO;
				SUPPORTED_PLATFORMS = "iphoneos iphonesimulator macosx xros xrsimulator";
				SWIFT_APPROACHABLE_CONCURRENCY = YES;
				SWIFT_EMIT_LOC_STRINGS = NO;
				SWIFT_UPCOMING_FEATURE_MEMBER_IMPORT_VISIBILITY = YES;
				SWIFT_VERSION = 5.0;
				TARGETED_DEVICE_FAMILY = "1,2,7";
				TEST_HOST = "$(BUILT_PRODUCTS_DIR)/Screen time demo.app/$(BUNDLE_EXECUTABLE_FOLDER_PATH)/Screen time demo";
				XROS_DEPLOYMENT_TARGET = 26.5;
			};
			name = Debug;
		};
		AA36A9E72FCE14D50023BF62 /* Release */ = {
			isa = XCBuildConfiguration;
			buildSettings = {
				BUNDLE_LOADER = "$(TEST_HOST)";
				CODE_SIGN_STYLE = Automatic;
				CURRENT_PROJECT_VERSION = 1;
				GENERATE_INFOPLIST_FILE = YES;
				IPHONEOS_DEPLOYMENT_TARGET = 26.5;
				MACOSX_DEPLOYMENT_TARGET = 26.5;
				MARKETING_VERSION = 1.0;
				PRODUCT_BUNDLE_IDENTIFIER = "ethan.Screen-time-demoTests";
				PRODUCT_NAME = "$(TARGET_NAME)";
				SDKROOT = auto;
				STRING_CATALOG_GENERATE_SYMBOLS = NO;
				SUPPORTED_PLATFORMS = "iphoneos iphonesimulator macosx xros xrsimulator";
				SWIFT_APPROACHABLE_CONCURRENCY = YES;
				SWIFT_EMIT_LOC_STRINGS = NO;
				SWIFT_UPCOMING_FEATURE_MEMBER_IMPORT_VISIBILITY = YES;
				SWIFT_VERSION = 5.0;
				TARGETED_DEVICE_FAMILY = "1,2,7";
				TEST_HOST = "$(BUILT_PRODUCTS_DIR)/Screen time demo.app/$(BUNDLE_EXECUTABLE_FOLDER_PATH)/Screen time demo";
				XROS_DEPLOYMENT_TARGET = 26.5;
			};
			name = Release;
		};
		AA36A9E92FCE14D50023BF62 /* Debug */ = {
			isa = XCBuildConfiguration;
			buildSettings = {
				CODE_SIGN_STYLE = Automatic;
				CURRENT_PROJECT_VERSION = 1;
				GENERATE_INFOPLIST_FILE = YES;
				IPHONEOS_DEPLOYMENT_TARGET = 26.5;
				MACOSX_DEPLOYMENT_TARGET = 26.5;
				MARKETING_VERSION = 1.0;
				PRODUCT_BUNDLE_IDENTIFIER = "ethan.Screen-time-demoUITests";
				PRODUCT_NAME = "$(TARGET_NAME)";
				SDKROOT = auto;
				STRING_CATALOG_GENERATE_SYMBOLS = NO;
				SUPPORTED_PLATFORMS = "iphoneos iphonesimulator macosx xros xrsimulator";
				SWIFT_APPROACHABLE_CONCURRENCY = YES;
				SWIFT_EMIT_LOC_STRINGS = NO;
				SWIFT_UPCOMING_FEATURE_MEMBER_IMPORT_VISIBILITY = YES;
				SWIFT_VERSION = 5.0;
				TARGETED_DEVICE_FAMILY = "1,2,7";
				TEST_TARGET_NAME = "Screen time demo";
				XROS_DEPLOYMENT_TARGET = 26.5;
			};
			name = Debug;
		};
		AA36A9EA2FCE14D50023BF62 /* Release */ = {
			isa = XCBuildConfiguration;
			buildSettings = {
				CODE_SIGN_STYLE = Automatic;
				CURRENT_PROJECT_VERSION = 1;
				GENERATE_INFOPLIST_FILE = YES;
				IPHONEOS_DEPLOYMENT_TARGET = 26.5;
				MACOSX_DEPLOYMENT_TARGET = 26.5;
				MARKETING_VERSION = 1.0;
				PRODUCT_BUNDLE_IDENTIFIER = "ethan.Screen-time-demoUITests";
				PRODUCT_NAME = "$(TARGET_NAME)";
				SDKROOT = auto;
				STRING_CATALOG_GENERATE_SYMBOLS = NO;
				SUPPORTED_PLATFORMS = "iphoneos iphonesimulator macosx xros xrsimulator";
				SWIFT_APPROACHABLE_CONCURRENCY = YES;
				SWIFT_EMIT_LOC_STRINGS = NO;
				SWIFT_UPCOMING_FEATURE_MEMBER_IMPORT_VISIBILITY = YES;
				SWIFT_VERSION = 5.0;
				TARGETED_DEVICE_FAMILY = "1,2,7";
				TEST_TARGET_NAME = "Screen time demo";
				XROS_DEPLOYMENT_TARGET = 26.5;
			};
			name = Release;
		};
		B1C2D3EB2FCE90010023BF62 /* Debug */ = {
			isa = XCBuildConfiguration;
			buildSettings = {
				CODE_SIGN_ENTITLEMENTS = StudyHallMonitor/StudyHallMonitor.entitlements;
				CODE_SIGN_STYLE = Automatic;
				CURRENT_PROJECT_VERSION = 1;
				DEVELOPMENT_TEAM = 8X75449HTD;
				GENERATE_INFOPLIST_FILE = NO;
				INFOPLIST_FILE = StudyHallMonitor/Info.plist;
				IPHONEOS_DEPLOYMENT_TARGET = 26.5;
				LD_RUNPATH_SEARCH_PATHS = (
					"$(inherited)",
					"@executable_path/Frameworks",
					"@executable_path/../../Frameworks",
				);
				MARKETING_VERSION = 1.0;
				PRODUCT_BUNDLE_IDENTIFIER = com.davechengapps.screentimedemo.monitor;
				PRODUCT_NAME = "$(TARGET_NAME)";
				SDKROOT = iphoneos;
				SKIP_INSTALL = YES;
				SUPPORTED_PLATFORMS = "iphoneos iphonesimulator";
				SWIFT_EMIT_LOC_STRINGS = YES;
				SWIFT_VERSION = 5.0;
				TARGETED_DEVICE_FAMILY = "1,2";
			};
			name = Debug;
		};
		B1C2D3EC2FCE90010023BF62 /* Release */ = {
			isa = XCBuildConfiguration;
			buildSettings = {
				CODE_SIGN_ENTITLEMENTS = StudyHallMonitor/StudyHallMonitor.entitlements;
				CODE_SIGN_STYLE = Automatic;
				CURRENT_PROJECT_VERSION = 1;
				DEVELOPMENT_TEAM = 8X75449HTD;
				GENERATE_INFOPLIST_FILE = NO;
				INFOPLIST_FILE = StudyHallMonitor/Info.plist;
				IPHONEOS_DEPLOYMENT_TARGET = 26.5;
				LD_RUNPATH_SEARCH_PATHS = (
					"$(inherited)",
					"@executable_path/Frameworks",
					"@executable_path/../../Frameworks",
				);
				MARKETING_VERSION = 1.0;
				PRODUCT_BUNDLE_IDENTIFIER = com.davechengapps.screentimedemo.monitor;
				PRODUCT_NAME = "$(TARGET_NAME)";
				SDKROOT = iphoneos;
				SKIP_INSTALL = YES;
				SUPPORTED_PLATFORMS = "iphoneos iphonesimulator";
				SWIFT_EMIT_LOC_STRINGS = YES;
				SWIFT_VERSION = 5.0;
				TARGETED_DEVICE_FAMILY = "1,2";
			};
			name = Release;
		};
		C1C2D40C2FCE90010023BF62 /* Debug */ = {
			isa = XCBuildConfiguration;
			buildSettings = {
				CODE_SIGN_ENTITLEMENTS = StudyHallShield/StudyHallShield.entitlements;
				CODE_SIGN_STYLE = Automatic;
				CURRENT_PROJECT_VERSION = 1;
				DEVELOPMENT_TEAM = 8X75449HTD;
				GENERATE_INFOPLIST_FILE = NO;
				INFOPLIST_FILE = StudyHallShield/Info.plist;
				IPHONEOS_DEPLOYMENT_TARGET = 26.5;
				LD_RUNPATH_SEARCH_PATHS = (
					"$(inherited)",
					"@executable_path/Frameworks",
					"@executable_path/../../Frameworks",
				);
				MARKETING_VERSION = 1.0;
				PRODUCT_BUNDLE_IDENTIFIER = com.davechengapps.screentimedemo.shield;
				PRODUCT_NAME = "$(TARGET_NAME)";
				SDKROOT = iphoneos;
				SKIP_INSTALL = YES;
				SUPPORTED_PLATFORMS = "iphoneos iphonesimulator";
				SWIFT_EMIT_LOC_STRINGS = YES;
				SWIFT_VERSION = 5.0;
				TARGETED_DEVICE_FAMILY = "1,2";
			};
			name = Debug;
		};
		C1C2D40D2FCE90010023BF62 /* Release */ = {
			isa = XCBuildConfiguration;
			buildSettings = {
				CODE_SIGN_ENTITLEMENTS = StudyHallShield/StudyHallShield.entitlements;
				CODE_SIGN_STYLE = Automatic;
				CURRENT_PROJECT_VERSION = 1;
				DEVELOPMENT_TEAM = 8X75449HTD;
				GENERATE_INFOPLIST_FILE = NO;
				INFOPLIST_FILE = StudyHallShield/Info.plist;
				IPHONEOS_DEPLOYMENT_TARGET = 26.5;
				LD_RUNPATH_SEARCH_PATHS = (
					"$(inherited)",
					"@executable_path/Frameworks",
					"@executable_path/../../Frameworks",
				);
				MARKETING_VERSION = 1.0;
				PRODUCT_BUNDLE_IDENTIFIER = com.davechengapps.screentimedemo.shield;
				PRODUCT_NAME = "$(TARGET_NAME)";
				SDKROOT = iphoneos;
				SKIP_INSTALL = YES;
				SUPPORTED_PLATFORMS = "iphoneos iphonesimulator";
				SWIFT_EMIT_LOC_STRINGS = YES;
				SWIFT_VERSION = 5.0;
				TARGETED_DEVICE_FAMILY = "1,2";
			};
			name = Release;
		};
		D1D2D50A2FCE90010023BF62 /* Debug */ = {
			isa = XCBuildConfiguration;
			buildSettings = {
				CODE_SIGN_ENTITLEMENTS = StudyHallShieldUI/StudyHallShieldUI.entitlements;
				CODE_SIGN_STYLE = Automatic;
				CURRENT_PROJECT_VERSION = 1;
				DEVELOPMENT_TEAM = 8X75449HTD;
				GENERATE_INFOPLIST_FILE = NO;
				INFOPLIST_FILE = StudyHallShieldUI/Info.plist;
				IPHONEOS_DEPLOYMENT_TARGET = 26.5;
				LD_RUNPATH_SEARCH_PATHS = (
					"$(inherited)",
					"@executable_path/Frameworks",
					"@executable_path/../../Frameworks",
				);
				MARKETING_VERSION = 1.0;
				PRODUCT_BUNDLE_IDENTIFIER = com.davechengapps.screentimedemo.shieldui;
				PRODUCT_NAME = "$(TARGET_NAME)";
				SDKROOT = iphoneos;
				SKIP_INSTALL = YES;
				SUPPORTED_PLATFORMS = "iphoneos iphonesimulator";
				SWIFT_EMIT_LOC_STRINGS = YES;
				SWIFT_VERSION = 5.0;
				TARGETED_DEVICE_FAMILY = "1,2";
			};
			name = Debug;
		};
		D1D2D50B2FCE90010023BF62 /* Release */ = {
			isa = XCBuildConfiguration;
			buildSettings = {
				CODE_SIGN_ENTITLEMENTS = StudyHallShieldUI/StudyHallShieldUI.entitlements;
				CODE_SIGN_STYLE = Automatic;
				CURRENT_PROJECT_VERSION = 1;
				DEVELOPMENT_TEAM = 8X75449HTD;
				GENERATE_INFOPLIST_FILE = NO;
				INFOPLIST_FILE = StudyHallShieldUI/Info.plist;
				IPHONEOS_DEPLOYMENT_TARGET = 26.5;
				LD_RUNPATH_SEARCH_PATHS = (
					"$(inherited)",
					"@executable_path/Frameworks",
					"@executable_path/../../Frameworks",
				);
				MARKETING_VERSION = 1.0;
				PRODUCT_BUNDLE_IDENTIFIER = com.davechengapps.screentimedemo.shieldui;
				PRODUCT_NAME = "$(TARGET_NAME)";
				SDKROOT = iphoneos;
				SKIP_INSTALL = YES;
				SUPPORTED_PLATFORMS = "iphoneos iphonesimulator";
				SWIFT_EMIT_LOC_STRINGS = YES;
				SWIFT_VERSION = 5.0;
				TARGETED_DEVICE_FAMILY = "1,2";
			};
			name = Release;
		};
/* End XCBuildConfiguration section */

/* Begin XCConfigurationList section */
		AA36A9BC2FCE14D10023BF62 /* Build configuration list for PBXProject "Screen time demo" */ = {
			isa = XCConfigurationList;
			buildConfigurations = (
				AA36A9E02FCE14D50023BF62 /* Debug */,
				AA36A9E12FCE14D50023BF62 /* Release */,
			);
			defaultConfigurationIsVisible = 0;
			defaultConfigurationName = Release;
		};
		AA36A9E22FCE14D50023BF62 /* Build configuration list for PBXNativeTarget "Screen time demo" */ = {
			isa = XCConfigurationList;
			buildConfigurations = (
				AA36A9E32FCE14D50023BF62 /* Debug */,
				AA36A9E42FCE14D50023BF62 /* Release */,
			);
			defaultConfigurationIsVisible = 0;
			defaultConfigurationName = Release;
		};
		AA36A9E52FCE14D50023BF62 /* Build configuration list for PBXNativeTarget "Screen time demoTests" */ = {
			isa = XCConfigurationList;
			buildConfigurations = (
				AA36A9E62FCE14D50023BF62 /* Debug */,
				AA36A9E72FCE14D50023BF62 /* Release */,
			);
			defaultConfigurationIsVisible = 0;
			defaultConfigurationName = Release;
		};
		AA36A9E82FCE14D50023BF62 /* Build configuration list for PBXNativeTarget "Screen time demoUITests" */ = {
			isa = XCConfigurationList;
			buildConfigurations = (
				AA36A9E92FCE14D50023BF62 /* Debug */,
				AA36A9EA2FCE14D50023BF62 /* Release */,
			);
			defaultConfigurationIsVisible = 0;
			defaultConfigurationName = Release;
		};
		B1C2D3ED2FCE90010023BF62 /* Build configuration list for PBXNativeTarget "StudyHallMonitor" */ = {
			isa = XCConfigurationList;
			buildConfigurations = (
				B1C2D3EB2FCE90010023BF62 /* Debug */,
				B1C2D3EC2FCE90010023BF62 /* Release */,
			);
			defaultConfigurationIsVisible = 0;
			defaultConfigurationName = Release;
		};
		C1C2D40A2FCE90010023BF62 /* Build configuration list for PBXNativeTarget "StudyHallShield" */ = {
			isa = XCConfigurationList;
			buildConfigurations = (
				C1C2D40C2FCE90010023BF62 /* Debug */,
				C1C2D40D2FCE90010023BF62 /* Release */,
			);
			defaultConfigurationIsVisible = 0;
			defaultConfigurationName = Release;
		};
		D1D2D50C2FCE90010023BF62 /* Build configuration list for PBXNativeTarget "StudyHallShieldUI" */ = {
			isa = XCConfigurationList;
			buildConfigurations = (
				D1D2D50A2FCE90010023BF62 /* Debug */,
				D1D2D50B2FCE90010023BF62 /* Release */,
			);
			defaultConfigurationIsVisible = 0;
			defaultConfigurationName = Release;
		};
/* End XCConfigurationList section */

/* Begin XCRemoteSwiftPackageReference section */
		AD7E960C2FCE81F7009F57F6 /* XCRemoteSwiftPackageReference "firebase-ios-sdk" */ = {
			isa = XCRemoteSwiftPackageReference;
			repositoryURL = "https://github.com/firebase/firebase-ios-sdk";
			requirement = {
				kind = upToNextMajorVersion;
				minimumVersion = 12.14.0;
			};
		};
/* End XCRemoteSwiftPackageReference section */

/* Begin XCSwiftPackageProductDependency section */
		AD7E960D2FCE81F7009F57F6 /* FirebaseAnalytics */ = {
			isa = XCSwiftPackageProductDependency;
			package = AD7E960C2FCE81F7009F57F6 /* XCRemoteSwiftPackageReference "firebase-ios-sdk" */;
			productName = FirebaseAnalytics;
		};
		AD7E960F2FCE81F7009F57F6 /* FirebaseAuth */ = {
			isa = XCSwiftPackageProductDependency;
			package = AD7E960C2FCE81F7009F57F6 /* XCRemoteSwiftPackageReference "firebase-ios-sdk" */;
			productName = FirebaseAuth;
		};
		AD7E96112FCE81F7009F57F6 /* FirebaseCore */ = {
			isa = XCSwiftPackageProductDependency;
			package = AD7E960C2FCE81F7009F57F6 /* XCRemoteSwiftPackageReference "firebase-ios-sdk" */;
			productName = FirebaseCore;
		};
		AD7E96132FCE81F7009F57F6 /* FirebaseCrashlytics */ = {
			isa = XCSwiftPackageProductDependency;
			package = AD7E960C2FCE81F7009F57F6 /* XCRemoteSwiftPackageReference "firebase-ios-sdk" */;
			productName = FirebaseCrashlytics;
		};
		AD7E96152FCE81F7009F57F6 /* FirebaseFirestore */ = {
			isa = XCSwiftPackageProductDependency;
			package = AD7E960C2FCE81F7009F57F6 /* XCRemoteSwiftPackageReference "firebase-ios-sdk" */;
			productName = FirebaseFirestore;
		};
		AD7E96172FCE81F7009F57F6 /* FirebaseFunctions */ = {
			isa = XCSwiftPackageProductDependency;
			package = AD7E960C2FCE81F7009F57F6 /* XCRemoteSwiftPackageReference "firebase-ios-sdk" */;
			productName = FirebaseFunctions;
		};
		AD7E96192FCE81F7009F57F6 /* FirebaseMessaging */ = {
			isa = XCSwiftPackageProductDependency;
			package = AD7E960C2FCE81F7009F57F6 /* XCRemoteSwiftPackageReference "firebase-ios-sdk" */;
			productName = FirebaseMessaging;
		};
		AD7E961B2FCE81F7009F57F6 /* FirebaseStorage */ = {
			isa = XCSwiftPackageProductDependency;
			package = AD7E960C2FCE81F7009F57F6 /* XCRemoteSwiftPackageReference "firebase-ios-sdk" */;
			productName = FirebaseStorage;
		};
/* End XCSwiftPackageProductDependency section */
	};
	rootObject = AA36A9B92FCE14D10023BF62 /* Project object */;
}
